<?xml version="1.0" encoding="utf-8"?>
<Project ToolsVersion="4.0" xmlns="http://schemas.microsoft.com/developer/msbuild/2003">
  <ItemGroup>
    <Filter Include="Archivos de origen">
      <UniqueIdentifier>{4FC737F1-C7A5-4376-A066-2A32D752A2FF}</UniqueIdentifier>
      <Extensions>cpp;c;cc;cxx;c++;cppm;ixx;def;odl;idl;hpj;bat;asm;asmx</Extensions>
    </Filter>
    <Filter Include="Archivos de encabezado">
      <UniqueIdentifier>{93995380-89BD-4b04-88EB-625FBE52EBFB}</UniqueIdentifier>
      <Extensions>h;hh;hpp;hxx;h++;hm;inl;inc;ipp;xsd</Extensions>
    </Filter>
    <Filter Include="Archivos de recursos">
      <UniqueIdentifier>{67DA6AB6-F800-4c08-8B7A-83BB121AAD01}</UniqueIdentifier>
      <Extensions>rc;ico;cur;bmp;dlg;rc2;rct;bin;rgs;gif;jpg;jpeg;jpe;resx;tiff;tif;png;wav;mfcribbon-ms</Extensions>
    </Filter>
    <Filter Include="Archivos de encabezado\UI">
      <UniqueIdentifier>{297f9a74-adfe-4a20-ae0b-eba864e61a9c}</UniqueIdentifier>
    </Filter>
    <Filter Include="Archivos de origen\UI">
      <UniqueIdentifier>{65827a3a-7e2b-4db2-9dfd-734202a227ec}</UniqueIdentifier>
    </Filter>
  </ItemGroup>
  <ItemGroup>
    <ClCompile Include="..\..\src\RomeRender\RomeRender.cpp">
      <Filter>Archivos de origen</Filter>
    </ClCompile>
    <ClCompile Include="..\..\src\RomeRender\Window.cpp">
      <Filter>Archivos de origen</Filter>
    </ClCompile>
    <ClCompile Include="..\..\src\RomeRender\AnimatorComponent.cpp">
      <Filter>Archivos de origen</Filter>
    </ClCompile>
    <ClCompile Include="..\..\src\RomeRender\CameraComponent.cpp">
      <Filter>Archivos de origen</Filter>
    </ClCompile>
    <ClCompile Include="..\..\src\RomeRender\Light.cpp">
      <Filter>Archivos de origen</Filter>
    </ClCompile>
    <ClCompile Include="..\..\src\RomeRender\MeshRenderComponent.cpp">
      <Filter>Archivos de origen</Filter>
    </ClCompile>
    <ClCompile Include="..\..\src\RomeRender\RenderManager.cpp">
      <Filter>Archivos de origen</Filter>
    </ClCompile>
    <ClCompile Include="..\..\src\RomeRender\conversorvectores.cpp">
      <Filter>Archivos de origen</Filter>
    </ClCompile>
    <ClCompile Include="..\..\src\RomeRender\CreatorMeshRenderComponent.cpp">
      <Filter>Archivos de origen</Filter>
    </ClCompile>
    <ClCompile Include="..\..\src\RomeRender\SGTechniqueResolverListener.cpp">
      <Filter>Archivos de origen</Filter>
    </ClCompile>
    <ClCompile Include="..\..\src\RomeRender\UI\UIButtonComponent.cpp">
      <Filter>Archivos de origen\UI</Filter>
    </ClCompile>
    <ClCompile Include="..\..\src\RomeRender\UI\UIProgressBarComponent.cpp">
      <Filter>Archivos de origen\UI</Filter>
    </ClCompile>
    <ClCompile Include="..\..\src\RomeRender\UI\UISpriteRenderComponent.cpp">
      <Filter>Archivos de origen\UI</Filter>
    </ClCompile>
    <ClCompile Include="..\..\src\RomeRender\UI\UITextComponent.cpp">
      <Filter>Archivos de origen\UI</Filter>
    </ClCompile>
    <ClCompile Include="..\..\src\RomeRender\UI\UItransformComponent.cpp">
      <Filter>Archivos de origen\UI</Filter>
    </ClCompile>
  </ItemGroup>
  <ItemGroup>
    <ClInclude Include="..\..\src\RomeRender\Window.h">
      <Filter>Archivos de encabezado</Filter>
    </ClInclude>
    <ClInclude Include="..\..\src\RomeRender\AnimatorComponent.h">
      <Filter>Archivos de encabezado</Filter>
    </ClInclude>
    <ClInclude Include="..\..\src\RomeRender\CameraComponent.h">
      <Filter>Archivos de encabezado</Filter>
    </ClInclude>
    <ClInclude Include="..\..\src\RomeRender\Light.h">
      <Filter>Archivos de encabezado</Filter>
    </ClInclude>
    <ClInclude Include="..\..\src\RomeRender\MeshRenderComponent.h">
      <Filter>Archivos de encabezado</Filter>
    </ClInclude>
    <ClInclude Include="..\..\src\RomeRender\RenderManager.h">
      <Filter>Archivos de encabezado</Filter>
    </ClInclude>
    <ClInclude Include="..\..\src\RomeRender\conversorvectores.h">
      <Filter>Archivos de encabezado</Filter>
    </ClInclude>
    <ClInclude Include="..\..\src\RomeRender\CreatorMeshRenderComponent.h">
      <Filter>Archivos de encabezado</Filter>
    </ClInclude>
    <ClInclude Include="..\..\src\RomeRender\SGTechniqueResolverListener.h">
      <Filter>Archivos de encabezado</Filter>
    </ClInclude>
    <ClInclude Include="..\..\src\RomeRender\UI\UIButtonComponent.h">
      <Filter>Archivos de encabezado\UI</Filter>
    </ClInclude>
    <ClInclude Include="..\..\src\RomeRender\UI\UIProgressBarComponent.h">
      <Filter>Archivos de encabezado\UI</Filter>
    </ClInclude>
    <ClInclude Include="..\..\src\RomeRender\UI\UISpriteRenderComponent.h">
      <Filter>Archivos de encabezado\UI</Filter>
    </ClInclude>
    <ClInclude Include="..\..\src\RomeRender\UI\UITextComponent.h">
      <Filter>Archivos de encabezado\UI</Filter>
    </ClInclude>
    <ClInclude Include="..\..\src\RomeRender\UI\UItransformComponent.h">
      <Filter>Archivos de encabezado\UI</Filter>
    </ClInclude>
  </ItemGroup>
</Project>