
Microsoft Visual Studio Solution File, Format Version 12.00
# Visual Studio Version 17
VisualStudioVersion = 17.7.34202.233
MinimumVisualStudioVersion = 10.0.40219.1
Project("{8BC9CEB8-8B4A-11D0-8D11-00A0C91BC942}") = "VeryRealProyecto", "projects\VeryRealSolucion\VeryRealProyecto.vcxproj", "{E40852AA-0ADD-4A95-B289-FECEA8B28988}"
	ProjectSection(ProjectDependencies) = postProject
		{162A3583-C947-4BD7-97F8-C8436CDF2B07} = {162A3583-C947-4BD7-97F8-C8436CDF2B07}
		{2DECC6CE-FB7F-4A19-A528-ABB52742EA41} = {2DECC6CE-FB7F-4A19-A528-ABB52742EA41}
		{89FD502F-7C6E-44E9-9C55-C64DF8E56579} = {89FD502F-7C6E-44E9-9C55-C64DF8E56579}
		{8CC5FD81-7FB6-4BBF-B68C-6DB7B3EDED3A} = {8CC5FD81-7FB6-4BBF-B68C-6DB7B3EDED3A}
		{CAC0128E-E2FD-47E5-84CA-4E93E472F912} = {CAC0128E-E2FD-47E5-84CA-4E93E472F912}
		{E3D8A301-E059-4F24-AD00-EF274E8C1144} = {E3D8A301-E059-4F24-AD00-EF274E8C1144}
		{E9FE864B-F16F-44B6-A10F-DAD3701DB44F} = {E9FE864B-F16F-44B6-A10F-DAD3701DB44F}
	EndProjectSection
EndProject
Project("{8BC9CEB8-8B4A-11D0-8D11-00A0C91BC942}") = "RomeRender", "projects\RomeRender\RomeRender.vcxproj", "{2DECC6CE-FB7F-4A19-A528-ABB52742EA41}"
EndProject
Project("{8BC9CEB8-8B4A-11D0-8D11-00A0C91BC942}") = "PedroBullet", "projects\PedroBullet\PedroBullet.vcxproj", "{E3D8A301-E059-4F24-AD00-EF274E8C1144}"
EndProject
Project("{8BC9CEB8-8B4A-11D0-8D11-00A0C91BC942}") = "AudioLeon", "projects\AudioLeon\AudioLeon.vcxproj", "{CAC0128E-E2FD-47E5-84CA-4E93E472F912}"
EndProject
Project("{8BC9CEB8-8B4A-11D0-8D11-00A0C91BC942}") = "GuilleElArquitecto", "projects\GuilleElArquitecto\GuilleElArquitecto.vcxproj", "{E9FE864B-F16F-44B6-A10F-DAD3701DB44F}"
EndProject
Project("{8BC9CEB8-8B4A-11D0-8D11-00A0C91BC942}") = "LuaLuengo", "projects\LuaLuengo\LuaLuengo.vcxproj", "{8CC5FD81-7FB6-4BBF-B68C-6DB7B3EDED3A}"
EndProject
Project("{8BC9CEB8-8B4A-11D0-8D11-00A0C91BC942}") = "TonInput", "projects\TonInput\TonInput.vcxproj", "{89FD502F-7C6E-44E9-9C55-C64DF8E56579}"
EndProject
Project("{8BC9CEB8-8B4A-11D0-8D11-00A0C91BC942}") = "AudioLeon_test", "projects\AudioLeon_test\AudioLeon_test.vcxproj", "{B2F9B0CB-AB2C-4FAF-86DF-B74D141CB1FF}"
	ProjectSection(ProjectDependencies) = postProject
		{CAC0128E-E2FD-47E5-84CA-4E93E472F912} = {CAC0128E-E2FD-47E5-84CA-4E93E472F912}
	EndProjectSection
EndProject
Project("{8BC9CEB8-8B4A-11D0-8D11-00A0C91BC942}") = "GuilleElArquitecto_test", "projects\GuilleElArquitecto_test\GuilleElArquitecto_test.vcxproj", "{E951190E-0539-4947-98A1-82B06E0E177A}"
EndProject
Project("{8BC9CEB8-8B4A-11D0-8D11-00A0C91BC942}") = "LuaLuengo_test", "projects\LuaLuengo_test\LuaLuengo_test.vcxproj", "{F25076E0-4665-4A55-B8FA-DCD7C7A28ACD}"
	ProjectSection(ProjectDependencies) = postProject
		{8CC5FD81-7FB6-4BBF-B68C-6DB7B3EDED3A} = {8CC5FD81-7FB6-4BBF-B68C-6DB7B3EDED3A}
	EndProjectSection
EndProject
Project("{8BC9CEB8-8B4A-11D0-8D11-00A0C91BC942}") = "PedroBullet_test", "projects\PedroBullet_test\PedroBullet_test.vcxproj", "{2AF93D23-1F5B-4A7C-92BC-E712818AD693}"
	ProjectSection(ProjectDependencies) = postProject
		{E3D8A301-E059-4F24-AD00-EF274E8C1144} = {E3D8A301-E059-4F24-AD00-EF274E8C1144}
	EndProjectSection
EndProject
Project("{8BC9CEB8-8B4A-11D0-8D11-00A0C91BC942}") = "RomeRender_test", "projects\RomeRender_test\RomeRender_test.vcxproj", "{145997E5-E01A-44C9-8935-F6A11A1B1A10}"
EndProject
Project("{8BC9CEB8-8B4A-11D0-8D11-00A0C91BC942}") = "TonInput_test", "projects\TonInput_test\TonInput_test.vcxproj", "{11C4E1C0-738E-4AAF-918A-6DC161C04F8E}"
	ProjectSection(ProjectDependencies) = postProject
		{89FD502F-7C6E-44E9-9C55-C64DF8E56579} = {89FD502F-7C6E-44E9-9C55-C64DF8E56579}
	EndProjectSection
EndProject
Project("{8BC9CEB8-8B4A-11D0-8D11-00A0C91BC942}") = "Exports", "projects\Exports\Exports.vcxproj", "{162A3583-C947-4BD7-97F8-C8436CDF2B07}"
	ProjectSection(ProjectDependencies) = postProject
		{2DECC6CE-FB7F-4A19-A528-ABB52742EA41} = {2DECC6CE-FB7F-4A19-A528-ABB52742EA41}
		{89FD502F-7C6E-44E9-9C55-C64DF8E56579} = {89FD502F-7C6E-44E9-9C55-C64DF8E56579}
		{8CC5FD81-7FB6-4BBF-B68C-6DB7B3EDED3A} = {8CC5FD81-7FB6-4BBF-B68C-6DB7B3EDED3A}
		{CAC0128E-E2FD-47E5-84CA-4E93E472F912} = {CAC0128E-E2FD-47E5-84CA-4E93E472F912}
		{E3D8A301-E059-4F24-AD00-EF274E8C1144} = {E3D8A301-E059-4F24-AD00-EF274E8C1144}
	EndProjectSection
EndProject
Global
	GlobalSection(SolutionConfigurationPlatforms) = preSolution
		Debug|x64 = Debug|x64
		Release|x64 = Release|x64
	EndGlobalSection
	GlobalSection(ProjectConfigurationPlatforms) = postSolution
		{E40852AA-0ADD-4A95-B289-FECEA8B28988}.Debug|x64.ActiveCfg = Debug|x64
		{E40852AA-0ADD-4A95-B289-FECEA8B28988}.Debug|x64.Build.0 = Debug|x64
		{E40852AA-0ADD-4A95-B289-FECEA8B28988}.Release|x64.ActiveCfg = Release|x64
		{E40852AA-0ADD-4A95-B289-FECEA8B28988}.Release|x64.Build.0 = Release|x64
		{2DECC6CE-FB7F-4A19-A528-ABB52742EA41}.Debug|x64.ActiveCfg = Debug|x64
		{2DECC6CE-FB7F-4A19-A528-ABB52742EA41}.Debug|x64.Build.0 = Debug|x64
		{2DECC6CE-FB7F-4A19-A528-ABB52742EA41}.Release|x64.ActiveCfg = Release|x64
		{2DECC6CE-FB7F-4A19-A528-ABB52742EA41}.Release|x64.Build.0 = Release|x64
		{E3D8A301-E059-4F24-AD00-EF274E8C1144}.Debug|x64.ActiveCfg = Debug|x64
		{E3D8A301-E059-4F24-AD00-EF274E8C1144}.Debug|x64.Build.0 = Debug|x64
		{E3D8A301-E059-4F24-AD00-EF274E8C1144}.Release|x64.ActiveCfg = Release|x64
		{E3D8A301-E059-4F24-AD00-EF274E8C1144}.Release|x64.Build.0 = Release|x64
		{CAC0128E-E2FD-47E5-84CA-4E93E472F912}.Debug|x64.ActiveCfg = Debug|x64
		{CAC0128E-E2FD-47E5-84CA-4E93E472F912}.Debug|x64.Build.0 = Debug|x64
		{CAC0128E-E2FD-47E5-84CA-4E93E472F912}.Release|x64.ActiveCfg = Release|x64
		{CAC0128E-E2FD-47E5-84CA-4E93E472F912}.Release|x64.Build.0 = Release|x64
		{E9FE864B-F16F-44B6-A10F-DAD3701DB44F}.Debug|x64.ActiveCfg = Debug|x64
		{E9FE864B-F16F-44B6-A10F-DAD3701DB44F}.Debug|x64.Build.0 = Debug|x64
		{E9FE864B-F16F-44B6-A10F-DAD3701DB44F}.Release|x64.ActiveCfg = Release|x64
		{E9FE864B-F16F-44B6-A10F-DAD3701DB44F}.Release|x64.Build.0 = Release|x64
		{8CC5FD81-7FB6-4BBF-B68C-6DB7B3EDED3A}.Debug|x64.ActiveCfg = Debug|x64
		{8CC5FD81-7FB6-4BBF-B68C-6DB7B3EDED3A}.Debug|x64.Build.0 = Debug|x64
		{8CC5FD81-7FB6-4BBF-B68C-6DB7B3EDED3A}.Release|x64.ActiveCfg = Release|x64
		{8CC5FD81-7FB6-4BBF-B68C-6DB7B3EDED3A}.Release|x64.Build.0 = Release|x64
		{89FD502F-7C6E-44E9-9C55-C64DF8E56579}.Debug|x64.ActiveCfg = Debug|x64
		{89FD502F-7C6E-44E9-9C55-C64DF8E56579}.Debug|x64.Build.0 = Debug|x64
		{89FD502F-7C6E-44E9-9C55-C64DF8E56579}.Release|x64.ActiveCfg = Release|x64
		{89FD502F-7C6E-44E9-9C55-C64DF8E56579}.Release|x64.Build.0 = Release|x64
		{B2F9B0CB-AB2C-4FAF-86DF-B74D141CB1FF}.Debug|x64.ActiveCfg = Debug|x64
		{B2F9B0CB-AB2C-4FAF-86DF-B74D141CB1FF}.Debug|x64.Build.0 = Debug|x64
		{B2F9B0CB-AB2C-4FAF-86DF-B74D141CB1FF}.Release|x64.ActiveCfg = Release|x64
		{B2F9B0CB-AB2C-4FAF-86DF-B74D141CB1FF}.Release|x64.Build.0 = Release|x64
		{E951190E-0539-4947-98A1-82B06E0E177A}.Debug|x64.ActiveCfg = Debug|x64
		{E951190E-0539-4947-98A1-82B06E0E177A}.Debug|x64.Build.0 = Debug|x64
		{E951190E-0539-4947-98A1-82B06E0E177A}.Release|x64.ActiveCfg = Release|x64
		{E951190E-0539-4947-98A1-82B06E0E177A}.Release|x64.Build.0 = Release|x64
		{F25076E0-4665-4A55-B8FA-DCD7C7A28ACD}.Debug|x64.ActiveCfg = Debug|x64
		{F25076E0-4665-4A55-B8FA-DCD7C7A28ACD}.Debug|x64.Build.0 = Debug|x64
		{F25076E0-4665-4A55-B8FA-DCD7C7A28ACD}.Release|x64.ActiveCfg = Release|x64
		{F25076E0-4665-4A55-B8FA-DCD7C7A28ACD}.Release|x64.Build.0 = Release|x64
		{2AF93D23-1F5B-4A7C-92BC-E712818AD693}.Debug|x64.ActiveCfg = Debug|x64
		{2AF93D23-1F5B-4A7C-92BC-E712818AD693}.Debug|x64.Build.0 = Debug|x64
		{2AF93D23-1F5B-4A7C-92BC-E712818AD693}.Release|x64.ActiveCfg = Release|x64
		{2AF93D23-1F5B-4A7C-92BC-E712818AD693}.Release|x64.Build.0 = Release|x64
		{145997E5-E01A-44C9-8935-F6A11A1B1A10}.Debug|x64.ActiveCfg = Debug|x64
		{145997E5-E01A-44C9-8935-F6A11A1B1A10}.Debug|x64.Build.0 = Debug|x64
		{145997E5-E01A-44C9-8935-F6A11A1B1A10}.Release|x64.ActiveCfg = Release|x64
		{145997E5-E01A-44C9-8935-F6A11A1B1A10}.Release|x64.Build.0 = Release|x64
		{11C4E1C0-738E-4AAF-918A-6DC161C04F8E}.Debug|x64.ActiveCfg = Debug|x64
		{11C4E1C0-738E-4AAF-918A-6DC161C04F8E}.Debug|x64.Build.0 = Debug|x64
		{11C4E1C0-738E-4AAF-918A-6DC161C04F8E}.Release|x64.ActiveCfg = Release|x64
		{11C4E1C0-738E-4AAF-918A-6DC161C04F8E}.Release|x64.Build.0 = Release|x64
		{162A3583-C947-4BD7-97F8-C8436CDF2B07}.Debug|x64.ActiveCfg = Debug|x64
		{162A3583-C947-4BD7-97F8-C8436CDF2B07}.Debug|x64.Build.0 = Debug|x64
		{162A3583-C947-4BD7-97F8-C8436CDF2B07}.Release|x64.ActiveCfg = Release|x64
		{162A3583-C947-4BD7-97F8-C8436CDF2B07}.Release|x64.Build.0 = Release|x64
	EndGlobalSection
	GlobalSection(SolutionProperties) = preSolution
		HideSolutionNode = FALSE
	EndGlobalSection
	GlobalSection(ExtensibilityGlobals) = postSolution
		SolutionGuid = {D787DF4E-62FB-4B7F-B5D0-1B4AC5BF1027}
	EndGlobalSection
EndGlobal
