
Microsoft Visual Studio Solution File, Format Version 12.00
# Visual Studio Version 17
VisualStudioVersion = 17.7.34202.233
MinimumVisualStudioVersion = 10.0.40219.1
Project("{8BC9CEB8-8B4A-11D0-8D11-00A0C91BC942}") = "VeryRealProyecto", "projects\VeryRealSolucion\VeryRealProyecto.vcxproj", "{E40852AA-0ADD-4A95-B289-FECEA8B28988}"
EndProject
Project("{8BC9CEB8-8B4A-11D0-8D11-00A0C91BC942}") = "RomeRender", "projects\RomeRender\RomeRender.vcxproj", "{2DECC6CE-FB7F-4A19-A528-ABB52742EA41}"
EndProject
Project("{8BC9CEB8-8B4A-11D0-8D11-00A0C91BC942}") = "PedroBullet", "projects\PedroBullet\PedroBullet.vcxproj", "{E3D8A301-E059-4F24-AD00-EF274E8C1144}"
EndProject
Project("{8BC9CEB8-8B4A-11D0-8D11-00A0C91BC942}") = "AudioLeon", "projects\AudioLeon\AudioLeon.vcxproj", "{CAC0128E-E2FD-47E5-84CA-4E93E472F912}"
EndProject
Project("{8BC9CEB8-8B4A-11D0-8D11-00A0C91BC942}") = "GuilleElArquitecto", "projects\GuilleElArquitecto\GuilleElArquitecto.vcxproj", "{E9FE864B-F16F-44B6-A10F-DAD3701DB44F}"
EndProject
Project("{8BC9CEB8-8B4A-11D0-8D11-00A0C91BC942}") = "LuaLuengo", "projects\LuaLuengo\LuaLuengo.vcxproj", "{8CC5FD81-7FB6-4BBF-B68C-6DB7B3EDED3A}"
EndProject
Project("{8BC9CEB8-8B4A-11D0-8D11-00A0C91BC942}") = "TonInput", "projects\TonInput\TonInput.vcxproj", "{89FD502F-7C6E-44E9-9C55-C64DF8E56579}"
EndProject
Global
	GlobalSection(SolutionConfigurationPlatforms) = preSolution
		Debug|x64 = Debug|x64
		Release|x64 = Release|x64
	EndGlobalSection
	GlobalSection(ProjectConfigurationPlatforms) = postSolution
		{E40852AA-0ADD-4A95-B289-FECEA8B28988}.Debug|x64.ActiveCfg = Debug|x64
		{E40852AA-0ADD-4A95-B289-FECEA8B28988}.Debug|x64.Build.0 = Debug|x64
		{E40852AA-0ADD-4A95-B289-FECEA8B28988}.Release|x64.ActiveCfg = Release|x64
		{E40852AA-0ADD-4A95-B289-FECEA8B28988}.Release|x64.Build.0 = Release|x64
		{2DECC6CE-FB7F-4A19-A528-ABB52742EA41}.Debug|x64.ActiveCfg = Debug|x64
		{2DECC6CE-FB7F-4A19-A528-ABB52742EA41}.Debug|x64.Build.0 = Debug|x64
		{2DECC6CE-FB7F-4A19-A528-ABB52742EA41}.Release|x64.ActiveCfg = Release|x64
		{2DECC6CE-FB7F-4A19-A528-ABB52742EA41}.Release|x64.Build.0 = Release|x64
		{E3D8A301-E059-4F24-AD00-EF274E8C1144}.Debug|x64.ActiveCfg = Debug|x64
		{E3D8A301-E059-4F24-AD00-EF274E8C1144}.Debug|x64.Build.0 = Debug|x64
		{E3D8A301-E059-4F24-AD00-EF274E8C1144}.Release|x64.ActiveCfg = Release|x64
		{E3D8A301-E059-4F24-AD00-EF274E8C1144}.Release|x64.Build.0 = Release|x64
		{CAC0128E-E2FD-47E5-84CA-4E93E472F912}.Debug|x64.ActiveCfg = Debug|x64
		{CAC0128E-E2FD-47E5-84CA-4E93E472F912}.Debug|x64.Build.0 = Debug|x64
		{CAC0128E-E2FD-47E5-84CA-4E93E472F912}.Release|x64.ActiveCfg = Release|x64
		{CAC0128E-E2FD-47E5-84CA-4E93E472F912}.Release|x64.Build.0 = Release|x64
		{E9FE864B-F16F-44B6-A10F-DAD3701DB44F}.Debug|x64.ActiveCfg = Debug|x64
		{E9FE864B-F16F-44B6-A10F-DAD3701DB44F}.Debug|x64.Build.0 = Debug|x64
		{E9FE864B-F16F-44B6-A10F-DAD3701DB44F}.Release|x64.ActiveCfg = Release|x64
		{E9FE864B-F16F-44B6-A10F-DAD3701DB44F}.Release|x64.Build.0 = Release|x64
		{8CC5FD81-7FB6-4BBF-B68C-6DB7B3EDED3A}.Debug|x64.ActiveCfg = Debug|x64
		{8CC5FD81-7FB6-4BBF-B68C-6DB7B3EDED3A}.Debug|x64.Build.0 = Debug|x64
		{8CC5FD81-7FB6-4BBF-B68C-6DB7B3EDED3A}.Release|x64.ActiveCfg = Release|x64
		{8CC5FD81-7FB6-4BBF-B68C-6DB7B3EDED3A}.Release|x64.Build.0 = Release|x64
		{89FD502F-7C6E-44E9-9C55-C64DF8E56579}.Debug|x64.ActiveCfg = Debug|x64
		{89FD502F-7C6E-44E9-9C55-C64DF8E56579}.Debug|x64.Build.0 = Debug|x64
		{89FD502F-7C6E-44E9-9C55-C64DF8E56579}.Release|x64.ActiveCfg = Release|x64
		{89FD502F-7C6E-44E9-9C55-C64DF8E56579}.Release|x64.Build.0 = Release|x64
	EndGlobalSection
	GlobalSection(SolutionProperties) = preSolution
		HideSolutionNode = FALSE
	EndGlobalSection
	GlobalSection(ExtensibilityGlobals) = postSolution
		SolutionGuid = {D787DF4E-62FB-4B7F-B5D0-1B4AC5BF1027}
	EndGlobalSection
EndGlobal
